# This file was autogenerated by Stack.
# You should not edit this file by hand.
# For more information, please see the documentation at:
#   https://docs.haskellstack.org/en/stable/lock_files

packages:
- completed:
    name: lucid-from-html
    version: 0.7.0
    git: https://github.com/MonadicSystems/lucid-from-html
    pantry-tree:
      size: 2086
      sha256: b9e8d2c75bac9bc32f578a76a3731a89d6e88cb9fa92b793703cb5dc82a129ca
    commit: b2af3aa95ffbc9e2f24e5a2fe68918d7bd899dfc
  original:
    git: https://github.com/MonadicSystems/lucid-from-html
    commit: b2af3aa95ffbc9e2f24e5a2fe68918d7bd899dfc
- completed:
    hackage: lucid-htmx-0.1.0.4@sha256:2c9b0f461bace35b041abda18fa02090480fedf07d66018a5af624516292af10,1521
    pantry-tree:
      size: 498
      sha256: 66b5c0cf69864a2ce5c1899c6b627f8cb43fde461ddcf70a26cfc1a76f7d5f94
  original:
    hackage: lucid-htmx-0.1.0.4@sha256:2c9b0f461bace35b041abda18fa02090480fedf07d66018a5af624516292af10,1521
- completed:
    hackage: lucid-alpine-0.1.0.5@sha256:5700d1ad876321ff2686c9ed2936c16d2252453515fdcace67f1202845dace3f,1763
    pantry-tree:
      size: 416
      sha256: 41e857b259cc91f6f1f80e94422b3779ab80bbf3297cea41640c56a100e373ed
  original:
    hackage: lucid-alpine-0.1.0.5@sha256:5700d1ad876321ff2686c9ed2936c16d2252453515fdcace67f1202845dace3f,1763
- completed:
    hackage: lucid-2.11.0@sha256:1835166fe73a505a6b761fdf1d9aebaf62dce706a5c7d1d4ef2c45eb63cf202a,3212
    pantry-tree:
      size: 779
      sha256: ff7312d9e8ba10d76900a5f0751df4b1ba5f8f68c8763ed29ef3cb27941165a6
  original:
    hackage: lucid-2.11.0@sha256:1835166fe73a505a6b761fdf1d9aebaf62dce706a5c7d1d4ef2c45eb63cf202a,3212
- completed:
    hackage: servant-lucid-0.9.0.4@sha256:698db96903a145fdef40cc897f8790728642af917c37b941a98b2da872b65f08,1787
    pantry-tree:
      size: 392
      sha256: 39e0e7b2b25980bfe4df036e89959188f9ef9e8c78c85e241fa9a682d1d78cf3
  original:
    hackage: servant-lucid-0.9.0.4@sha256:698db96903a145fdef40cc897f8790728642af917c37b941a98b2da872b65f08,1787
snapshots:
- completed:
    size: 586110
    url: https://raw.githubusercontent.com/commercialhaskell/stackage-snapshots/master/lts/18/21.yaml
    sha256: ce4fb8d44f3c6c6032060a02e0ebb1bd29937c9a70101c1517b92a87d9515160
  original:
    url: https://raw.githubusercontent.com/commercialhaskell/stackage-snapshots/master/lts/18/21.yaml
